
Microsoft Visual Studio Solution File, Format Version 12.00
# Visual Studio 2012
Project("{F2A71F9B-5D33-465A-A702-920D77279786}") = "NHol", "NHol\NHol.fsproj", "{389E2C7E-0C68-4AED-B185-BA777DE8E69E}"
EndProject
Project("{2150E333-8FDC-42A3-9474-1A3956D46DE8}") = ".nuget", ".nuget", "{A4D22461-53F4-4971-8AC3-92BC50EEDF15}"
	ProjectSection(SolutionItems) = preProject
		.nuget\NuGet.Config = .nuget\NuGet.Config
		.nuget\NuGet.exe = .nuget\NuGet.exe
		.nuget\NuGet.targets = .nuget\NuGet.targets
	EndProjectSection
EndProject
Project("{F2A71F9B-5D33-465A-A702-920D77279786}") = "NHol.Tests", "NHol.Tests\NHol.Tests.fsproj", "{BC5955AF-A558-4F95-B4FA-717C06936FC1}"
EndProject
Project("{F2A71F9B-5D33-465A-A702-920D77279786}") = "NHol.Light.Syntax", "NHol.Light.Syntax\NHol.Light.Syntax.fsproj", "{7F41D14A-D4D4-41A1-B6ED-49B19D41DC9B}"
EndProject
Project("{F2A71F9B-5D33-465A-A702-920D77279786}") = "NHol.Light.Syntax.Tests", "NHol.Light.Syntax.Tests\NHol.Light.Syntax.Tests.fsproj", "{4D372C85-99DE-41BE-857A-7D6FCF0AF6D9}"
EndProject
Global
	GlobalSection(SolutionConfigurationPlatforms) = preSolution
		Debug|Any CPU = Debug|Any CPU
		Release|Any CPU = Release|Any CPU
	EndGlobalSection
	GlobalSection(ProjectConfigurationPlatforms) = postSolution
		{389E2C7E-0C68-4AED-B185-BA777DE8E69E}.Debug|Any CPU.ActiveCfg = Debug|Any CPU
		{389E2C7E-0C68-4AED-B185-BA777DE8E69E}.Debug|Any CPU.Build.0 = Debug|Any CPU
		{389E2C7E-0C68-4AED-B185-BA777DE8E69E}.Release|Any CPU.ActiveCfg = Release|Any CPU
		{389E2C7E-0C68-4AED-B185-BA777DE8E69E}.Release|Any CPU.Build.0 = Release|Any CPU
		{BC5955AF-A558-4F95-B4FA-717C06936FC1}.Debug|Any CPU.ActiveCfg = Debug|Any CPU
		{BC5955AF-A558-4F95-B4FA-717C06936FC1}.Debug|Any CPU.Build.0 = Debug|Any CPU
		{BC5955AF-A558-4F95-B4FA-717C06936FC1}.Release|Any CPU.ActiveCfg = Release|Any CPU
		{BC5955AF-A558-4F95-B4FA-717C06936FC1}.Release|Any CPU.Build.0 = Release|Any CPU
		{7F41D14A-D4D4-41A1-B6ED-49B19D41DC9B}.Debug|Any CPU.ActiveCfg = Debug|Any CPU
		{7F41D14A-D4D4-41A1-B6ED-49B19D41DC9B}.Debug|Any CPU.Build.0 = Debug|Any CPU
		{7F41D14A-D4D4-41A1-B6ED-49B19D41DC9B}.Release|Any CPU.ActiveCfg = Release|Any CPU
		{7F41D14A-D4D4-41A1-B6ED-49B19D41DC9B}.Release|Any CPU.Build.0 = Release|Any CPU
		{4D372C85-99DE-41BE-857A-7D6FCF0AF6D9}.Debug|Any CPU.ActiveCfg = Debug|Any CPU
		{4D372C85-99DE-41BE-857A-7D6FCF0AF6D9}.Debug|Any CPU.Build.0 = Debug|Any CPU
		{4D372C85-99DE-41BE-857A-7D6FCF0AF6D9}.Release|Any CPU.ActiveCfg = Release|Any CPU
		{4D372C85-99DE-41BE-857A-7D6FCF0AF6D9}.Release|Any CPU.Build.0 = Release|Any CPU
	EndGlobalSection
	GlobalSection(SolutionProperties) = preSolution
		HideSolutionNode = FALSE
	EndGlobalSection
EndGlobal
